
Microsoft Visual Studio Solution File, Format Version 11.00
# Visual Studio 2010
Project("{FAE04EC0-301F-11D3-BF4B-00C04F79EFBC}") = "PostBackRitalin", "PostBackRitalin\PostBackRitalin.csproj", "{C92CD4C3-7271-4AE6-8654-7734725F247F}"
EndProject
Project("{E24C65DC-7377-472B-9ABA-BC803B73C61A}") = "PostBackRitalinTest", "PostBackRitalin-Sample-Site\", "{A5B95E5E-E0F8-41D4-900C-25A6EF3F258E}"
	ProjectSection(WebsiteProperties) = preProject
		TargetFrameworkMoniker = ".NETFramework,Version%3Dv4.0"
		ProjectReferences = "{C92CD4C3-7271-4AE6-8654-7734725F247F}|PostBackRitalin.dll;"
		Debug.AspNetCompiler.VirtualPath = "/PostBackRitalinTest"
		Debug.AspNetCompiler.PhysicalPath = "PostBackRitalin-Sample-Site\"
		Debug.AspNetCompiler.TargetPath = "PrecompiledWeb\PostBackRitalinTest\"
		Debug.AspNetCompiler.Updateable = "true"
		Debug.AspNetCompiler.ForceOverwrite = "true"
		Debug.AspNetCompiler.FixedNames = "false"
		Debug.AspNetCompiler.Debug = "True"
		Release.AspNetCompiler.VirtualPath = "/PostBackRitalinTest"
		Release.AspNetCompiler.PhysicalPath = "PostBackRitalin-Sample-Site\"
		Release.AspNetCompiler.TargetPath = "PrecompiledWeb\PostBackRitalinTest\"
		Release.AspNetCompiler.Updateable = "true"
		Release.AspNetCompiler.ForceOverwrite = "true"
		Release.AspNetCompiler.FixedNames = "false"
		Release.AspNetCompiler.Debug = "False"
		VWDPort = "52035"
	EndProjectSection
EndProject
Global
	GlobalSection(SolutionConfigurationPlatforms) = preSolution
		Debug|.NET = Debug|.NET
		Debug|Any CPU = Debug|Any CPU
		Debug|Mixed Platforms = Debug|Mixed Platforms
		Release|.NET = Release|.NET
		Release|Any CPU = Release|Any CPU
		Release|Mixed Platforms = Release|Mixed Platforms
	EndGlobalSection
	GlobalSection(ProjectConfigurationPlatforms) = postSolution
		{C92CD4C3-7271-4AE6-8654-7734725F247F}.Debug|.NET.ActiveCfg = Debug|Any CPU
		{C92CD4C3-7271-4AE6-8654-7734725F247F}.Debug|Any CPU.ActiveCfg = Debug|Any CPU
		{C92CD4C3-7271-4AE6-8654-7734725F247F}.Debug|Any CPU.Build.0 = Debug|Any CPU
		{C92CD4C3-7271-4AE6-8654-7734725F247F}.Debug|Mixed Platforms.ActiveCfg = Debug|Any CPU
		{C92CD4C3-7271-4AE6-8654-7734725F247F}.Debug|Mixed Platforms.Build.0 = Debug|Any CPU
		{C92CD4C3-7271-4AE6-8654-7734725F247F}.Release|.NET.ActiveCfg = Release|Any CPU
		{C92CD4C3-7271-4AE6-8654-7734725F247F}.Release|Any CPU.ActiveCfg = Release|Any CPU
		{C92CD4C3-7271-4AE6-8654-7734725F247F}.Release|Any CPU.Build.0 = Release|Any CPU
		{C92CD4C3-7271-4AE6-8654-7734725F247F}.Release|Mixed Platforms.ActiveCfg = Release|Any CPU
		{C92CD4C3-7271-4AE6-8654-7734725F247F}.Release|Mixed Platforms.Build.0 = Release|Any CPU
		{A5B95E5E-E0F8-41D4-900C-25A6EF3F258E}.Debug|.NET.ActiveCfg = Debug|Any CPU
		{A5B95E5E-E0F8-41D4-900C-25A6EF3F258E}.Debug|Any CPU.ActiveCfg = Debug|Any CPU
		{A5B95E5E-E0F8-41D4-900C-25A6EF3F258E}.Debug|Any CPU.Build.0 = Debug|Any CPU
		{A5B95E5E-E0F8-41D4-900C-25A6EF3F258E}.Debug|Mixed Platforms.ActiveCfg = Debug|Any CPU
		{A5B95E5E-E0F8-41D4-900C-25A6EF3F258E}.Debug|Mixed Platforms.Build.0 = Debug|Any CPU
		{A5B95E5E-E0F8-41D4-900C-25A6EF3F258E}.Release|.NET.ActiveCfg = Debug|Any CPU
		{A5B95E5E-E0F8-41D4-900C-25A6EF3F258E}.Release|Any CPU.ActiveCfg = Debug|Any CPU
		{A5B95E5E-E0F8-41D4-900C-25A6EF3F258E}.Release|Any CPU.Build.0 = Debug|Any CPU
		{A5B95E5E-E0F8-41D4-900C-25A6EF3F258E}.Release|Mixed Platforms.ActiveCfg = Debug|Any CPU
		{A5B95E5E-E0F8-41D4-900C-25A6EF3F258E}.Release|Mixed Platforms.Build.0 = Debug|Any CPU
	EndGlobalSection
	GlobalSection(SolutionProperties) = preSolution
		HideSolutionNode = FALSE
	EndGlobalSection
EndGlobal
